
Microsoft Visual Studio Solution File, Format Version 12.00
Project("{FAE04EC0-301F-11D3-BF4B-00C04F79EFBC}") = "WremiaTrade.Services", "WremiaTrade.Services\WremiaTrade.Services.csproj", "{881D04EE-8C4E-48AA-8827-718646144280}"
EndProject
Project("{2150E333-8FDC-42A3-9474-1A3956D46DE8}") = "src", "src", "{8A3AD52E-E65C-49D6-A026-ECE993016B71}"
EndProject
Project("{2150E333-8FDC-42A3-9474-1A3956D46DE8}") = "Application", "Application", "{31B59B0F-925A-48F3-9845-D0990E6B346E}"
EndProject
Project("{2150E333-8FDC-42A3-9474-1A3956D46DE8}") = "Domain", "Domain", "{7BF23F5D-081C-4B89-B89E-ED9B61F24810}"
EndProject
Project("{2150E333-8FDC-42A3-9474-1A3956D46DE8}") = "Infrastructure", "Infrastructure", "{F9B79B94-4D5F-42DB-9F3B-C7A1850EED1E}"
EndProject
Project("{2150E333-8FDC-42A3-9474-1A3956D46DE8}") = "Persistince", "Persistince", "{49E50B27-F4DA-4F6E-B177-5A06C40639A8}"
EndProject
Project("{2150E333-8FDC-42A3-9474-1A3956D46DE8}") = "Presentation", "Presentation", "{1999012B-84D9-410C-AAE9-B469A3C2287A}"
EndProject
Project("{FAE04EC0-301F-11D3-BF4B-00C04F79EFBC}") = "WremiaTrade.Common", "WremiaTrade.Common\WremiaTrade.Common.csproj", "{B4AC5860-7495-4C3C-A99A-E1139CE5698E}"
EndProject
Project("{FAE04EC0-301F-11D3-BF4B-00C04F79EFBC}") = "WremiaTrade.Utilities", "WremiaTrade.Utilities\WremiaTrade.Utilities.csproj", "{F09DA6F4-5D8E-4DCB-A9E9-FC92C558E3E1}"
EndProject
Project("{FAE04EC0-301F-11D3-BF4B-00C04F79EFBC}") = "WremiaTrade.Models", "WremiaTrade.Models\WremiaTrade.Models.csproj", "{66F3DE8E-317D-47EF-8E6B-8CD8E9931AEE}"
EndProject
Project("{FAE04EC0-301F-11D3-BF4B-00C04F79EFBC}") = "WremiaTrade.NoSql.MongoDB", "WremiaTrade.NoSql.MongoDB\WremiaTrade.NoSql.MongoDB.csproj", "{3B32AC6B-6198-428E-911B-522AF07AE6BA}"
EndProject
Project("{2150E333-8FDC-42A3-9474-1A3956D46DE8}") = "Test", "Test", "{08C3C421-19F2-4E03-91E1-CA0AB4A1235D}"
EndProject
Project("{FAE04EC0-301F-11D3-BF4B-00C04F79EFBC}") = "Test", "Test\Test.csproj", "{088DEA42-7C2B-4639-AA8F-33966C8481AF}"
EndProject
Project("{FAE04EC0-301F-11D3-BF4B-00C04F79EFBC}") = "WremiaTrade.Hangfire.Calculator", "WremiaTrade.Hangfire.Calculator\WremiaTrade.Hangfire.Calculator.csproj", "{394430EB-E88C-4ED1-B59A-B47BC78A3139}"
EndProject
Project("{FAE04EC0-301F-11D3-BF4B-00C04F79EFBC}") = "WremiaTrade.Hangfire.Indicator", "WremiaTrade.Hangfire.Indicator\WremiaTrade.Hangfire.Indicator.csproj", "{B8D0DF67-96F6-43F8-8A94-5574A00032CA}"
EndProject
Project("{FAE04EC0-301F-11D3-BF4B-00C04F79EFBC}") = "WremiaTrade.Hangfire.Strategy", "WremiaTrade.Hangfire.Strategy\WremiaTrade.Hangfire.Strategy.csproj", "{0CE9476E-D61B-4557-9782-C4113D188A4E}"
EndProject
Project("{FAE04EC0-301F-11D3-BF4B-00C04F79EFBC}") = "WremiaTrade.Hangfire.Trigger", "WremiaTrade.Hangfire.Trigger\WremiaTrade.Hangfire.Trigger.csproj", "{07D4C37B-C541-4225-8EC5-ACF555B10CCE}"
EndProject
Project("{FAE04EC0-301F-11D3-BF4B-00C04F79EFBC}") = "WremiaTrade.Hangfire.Trade", "WremiaTrade.Hangfire.Trade\WremiaTrade.Hangfire.Trade.csproj", "{9265581C-49AE-47FB-A223-93B41C7E4FEB}"
EndProject
Project("{FAE04EC0-301F-11D3-BF4B-00C04F79EFBC}") = "WremiaTrade.Hangfire.Notification", "WremiaTrade.Hangfire.Notification\WremiaTrade.Hangfire.Notification.csproj", "{42CE7E4C-9552-4F74-9DF0-393616E74C6D}"
EndProject
Project("{FAE04EC0-301F-11D3-BF4B-00C04F79EFBC}") = "WremiaTrade.Api", "WremiaTrade.Api\WremiaTrade.Api.csproj", "{753997CC-104F-4FE6-BDF2-3211C8D7DC56}"
EndProject
Project("{FAE04EC0-301F-11D3-BF4B-00C04F79EFBC}") = "WremiaTrade.ConfigAdapter", "WremiaTrade.ConfigAdapter\WremiaTrade.ConfigAdapter.csproj", "{CAD555A5-952B-4A3D-BD3A-CA5EF81DD2DF}"
EndProject
Project("{FAE04EC0-301F-11D3-BF4B-00C04F79EFBC}") = "WremiaTrade.Logging", "WremiaTrade.Logging\WremiaTrade.Logging.csproj", "{E386A367-A2D2-410B-8896-C88E96995D5A}"
EndProject
Project("{FAE04EC0-301F-11D3-BF4B-00C04F79EFBC}") = "WremiaTrade.RestSharpClient", "WremiaTrade.RestSharpClient\WremiaTrade.RestSharpClient.csproj", "{C220CDC6-0502-4485-B252-5F39D81B5596}"
EndProject
Global
	GlobalSection(SolutionConfigurationPlatforms) = preSolution
		Debug|Any CPU = Debug|Any CPU
		Release|Any CPU = Release|Any CPU
	EndGlobalSection
	GlobalSection(ProjectConfigurationPlatforms) = postSolution
		{881D04EE-8C4E-48AA-8827-718646144280}.Debug|Any CPU.ActiveCfg = Debug|Any CPU
		{881D04EE-8C4E-48AA-8827-718646144280}.Debug|Any CPU.Build.0 = Debug|Any CPU
		{881D04EE-8C4E-48AA-8827-718646144280}.Release|Any CPU.ActiveCfg = Release|Any CPU
		{881D04EE-8C4E-48AA-8827-718646144280}.Release|Any CPU.Build.0 = Release|Any CPU
		{B4AC5860-7495-4C3C-A99A-E1139CE5698E}.Debug|Any CPU.ActiveCfg = Debug|Any CPU
		{B4AC5860-7495-4C3C-A99A-E1139CE5698E}.Debug|Any CPU.Build.0 = Debug|Any CPU
		{B4AC5860-7495-4C3C-A99A-E1139CE5698E}.Release|Any CPU.ActiveCfg = Release|Any CPU
		{B4AC5860-7495-4C3C-A99A-E1139CE5698E}.Release|Any CPU.Build.0 = Release|Any CPU
		{F09DA6F4-5D8E-4DCB-A9E9-FC92C558E3E1}.Debug|Any CPU.ActiveCfg = Debug|Any CPU
		{F09DA6F4-5D8E-4DCB-A9E9-FC92C558E3E1}.Debug|Any CPU.Build.0 = Debug|Any CPU
		{F09DA6F4-5D8E-4DCB-A9E9-FC92C558E3E1}.Release|Any CPU.ActiveCfg = Release|Any CPU
		{F09DA6F4-5D8E-4DCB-A9E9-FC92C558E3E1}.Release|Any CPU.Build.0 = Release|Any CPU
		{66F3DE8E-317D-47EF-8E6B-8CD8E9931AEE}.Debug|Any CPU.ActiveCfg = Debug|Any CPU
		{66F3DE8E-317D-47EF-8E6B-8CD8E9931AEE}.Debug|Any CPU.Build.0 = Debug|Any CPU
		{66F3DE8E-317D-47EF-8E6B-8CD8E9931AEE}.Release|Any CPU.ActiveCfg = Release|Any CPU
		{66F3DE8E-317D-47EF-8E6B-8CD8E9931AEE}.Release|Any CPU.Build.0 = Release|Any CPU
		{3B32AC6B-6198-428E-911B-522AF07AE6BA}.Debug|Any CPU.ActiveCfg = Debug|Any CPU
		{3B32AC6B-6198-428E-911B-522AF07AE6BA}.Debug|Any CPU.Build.0 = Debug|Any CPU
		{3B32AC6B-6198-428E-911B-522AF07AE6BA}.Release|Any CPU.ActiveCfg = Release|Any CPU
		{3B32AC6B-6198-428E-911B-522AF07AE6BA}.Release|Any CPU.Build.0 = Release|Any CPU
		{088DEA42-7C2B-4639-AA8F-33966C8481AF}.Debug|Any CPU.ActiveCfg = Debug|Any CPU
		{088DEA42-7C2B-4639-AA8F-33966C8481AF}.Debug|Any CPU.Build.0 = Debug|Any CPU
		{088DEA42-7C2B-4639-AA8F-33966C8481AF}.Release|Any CPU.ActiveCfg = Release|Any CPU
		{088DEA42-7C2B-4639-AA8F-33966C8481AF}.Release|Any CPU.Build.0 = Release|Any CPU
		{394430EB-E88C-4ED1-B59A-B47BC78A3139}.Debug|Any CPU.ActiveCfg = Debug|Any CPU
		{394430EB-E88C-4ED1-B59A-B47BC78A3139}.Debug|Any CPU.Build.0 = Debug|Any CPU
		{394430EB-E88C-4ED1-B59A-B47BC78A3139}.Release|Any CPU.ActiveCfg = Release|Any CPU
		{394430EB-E88C-4ED1-B59A-B47BC78A3139}.Release|Any CPU.Build.0 = Release|Any CPU
		{B8D0DF67-96F6-43F8-8A94-5574A00032CA}.Debug|Any CPU.ActiveCfg = Debug|Any CPU
		{B8D0DF67-96F6-43F8-8A94-5574A00032CA}.Debug|Any CPU.Build.0 = Debug|Any CPU
		{B8D0DF67-96F6-43F8-8A94-5574A00032CA}.Release|Any CPU.ActiveCfg = Release|Any CPU
		{B8D0DF67-96F6-43F8-8A94-5574A00032CA}.Release|Any CPU.Build.0 = Release|Any CPU
		{0CE9476E-D61B-4557-9782-C4113D188A4E}.Debug|Any CPU.ActiveCfg = Debug|Any CPU
		{0CE9476E-D61B-4557-9782-C4113D188A4E}.Debug|Any CPU.Build.0 = Debug|Any CPU
		{0CE9476E-D61B-4557-9782-C4113D188A4E}.Release|Any CPU.ActiveCfg = Release|Any CPU
		{0CE9476E-D61B-4557-9782-C4113D188A4E}.Release|Any CPU.Build.0 = Release|Any CPU
		{07D4C37B-C541-4225-8EC5-ACF555B10CCE}.Debug|Any CPU.ActiveCfg = Debug|Any CPU
		{07D4C37B-C541-4225-8EC5-ACF555B10CCE}.Debug|Any CPU.Build.0 = Debug|Any CPU
		{07D4C37B-C541-4225-8EC5-ACF555B10CCE}.Release|Any CPU.ActiveCfg = Release|Any CPU
		{07D4C37B-C541-4225-8EC5-ACF555B10CCE}.Release|Any CPU.Build.0 = Release|Any CPU
		{9265581C-49AE-47FB-A223-93B41C7E4FEB}.Debug|Any CPU.ActiveCfg = Debug|Any CPU
		{9265581C-49AE-47FB-A223-93B41C7E4FEB}.Debug|Any CPU.Build.0 = Debug|Any CPU
		{9265581C-49AE-47FB-A223-93B41C7E4FEB}.Release|Any CPU.ActiveCfg = Release|Any CPU
		{9265581C-49AE-47FB-A223-93B41C7E4FEB}.Release|Any CPU.Build.0 = Release|Any CPU
		{42CE7E4C-9552-4F74-9DF0-393616E74C6D}.Debug|Any CPU.ActiveCfg = Debug|Any CPU
		{42CE7E4C-9552-4F74-9DF0-393616E74C6D}.Debug|Any CPU.Build.0 = Debug|Any CPU
		{42CE7E4C-9552-4F74-9DF0-393616E74C6D}.Release|Any CPU.ActiveCfg = Release|Any CPU
		{42CE7E4C-9552-4F74-9DF0-393616E74C6D}.Release|Any CPU.Build.0 = Release|Any CPU
		{753997CC-104F-4FE6-BDF2-3211C8D7DC56}.Debug|Any CPU.ActiveCfg = Debug|Any CPU
		{753997CC-104F-4FE6-BDF2-3211C8D7DC56}.Debug|Any CPU.Build.0 = Debug|Any CPU
		{753997CC-104F-4FE6-BDF2-3211C8D7DC56}.Release|Any CPU.ActiveCfg = Release|Any CPU
		{753997CC-104F-4FE6-BDF2-3211C8D7DC56}.Release|Any CPU.Build.0 = Release|Any CPU
		{CAD555A5-952B-4A3D-BD3A-CA5EF81DD2DF}.Debug|Any CPU.ActiveCfg = Debug|Any CPU
		{CAD555A5-952B-4A3D-BD3A-CA5EF81DD2DF}.Debug|Any CPU.Build.0 = Debug|Any CPU
		{CAD555A5-952B-4A3D-BD3A-CA5EF81DD2DF}.Release|Any CPU.ActiveCfg = Release|Any CPU
		{CAD555A5-952B-4A3D-BD3A-CA5EF81DD2DF}.Release|Any CPU.Build.0 = Release|Any CPU
		{E386A367-A2D2-410B-8896-C88E96995D5A}.Debug|Any CPU.ActiveCfg = Debug|Any CPU
		{E386A367-A2D2-410B-8896-C88E96995D5A}.Debug|Any CPU.Build.0 = Debug|Any CPU
		{E386A367-A2D2-410B-8896-C88E96995D5A}.Release|Any CPU.ActiveCfg = Release|Any CPU
		{E386A367-A2D2-410B-8896-C88E96995D5A}.Release|Any CPU.Build.0 = Release|Any CPU
		{C220CDC6-0502-4485-B252-5F39D81B5596}.Debug|Any CPU.ActiveCfg = Debug|Any CPU
		{C220CDC6-0502-4485-B252-5F39D81B5596}.Debug|Any CPU.Build.0 = Debug|Any CPU
		{C220CDC6-0502-4485-B252-5F39D81B5596}.Release|Any CPU.ActiveCfg = Release|Any CPU
		{C220CDC6-0502-4485-B252-5F39D81B5596}.Release|Any CPU.Build.0 = Release|Any CPU
	EndGlobalSection
	GlobalSection(NestedProjects) = preSolution
		{31B59B0F-925A-48F3-9845-D0990E6B346E} = {8A3AD52E-E65C-49D6-A026-ECE993016B71}
		{7BF23F5D-081C-4B89-B89E-ED9B61F24810} = {8A3AD52E-E65C-49D6-A026-ECE993016B71}
		{F9B79B94-4D5F-42DB-9F3B-C7A1850EED1E} = {8A3AD52E-E65C-49D6-A026-ECE993016B71}
		{49E50B27-F4DA-4F6E-B177-5A06C40639A8} = {8A3AD52E-E65C-49D6-A026-ECE993016B71}
		{1999012B-84D9-410C-AAE9-B469A3C2287A} = {8A3AD52E-E65C-49D6-A026-ECE993016B71}
		{881D04EE-8C4E-48AA-8827-718646144280} = {31B59B0F-925A-48F3-9845-D0990E6B346E}
		{B4AC5860-7495-4C3C-A99A-E1139CE5698E} = {31B59B0F-925A-48F3-9845-D0990E6B346E}
		{F09DA6F4-5D8E-4DCB-A9E9-FC92C558E3E1} = {31B59B0F-925A-48F3-9845-D0990E6B346E}
		{66F3DE8E-317D-47EF-8E6B-8CD8E9931AEE} = {7BF23F5D-081C-4B89-B89E-ED9B61F24810}
		{3B32AC6B-6198-428E-911B-522AF07AE6BA} = {49E50B27-F4DA-4F6E-B177-5A06C40639A8}
		{08C3C421-19F2-4E03-91E1-CA0AB4A1235D} = {8A3AD52E-E65C-49D6-A026-ECE993016B71}
		{088DEA42-7C2B-4639-AA8F-33966C8481AF} = {08C3C421-19F2-4E03-91E1-CA0AB4A1235D}
		{394430EB-E88C-4ED1-B59A-B47BC78A3139} = {F9B79B94-4D5F-42DB-9F3B-C7A1850EED1E}
		{B8D0DF67-96F6-43F8-8A94-5574A00032CA} = {F9B79B94-4D5F-42DB-9F3B-C7A1850EED1E}
		{0CE9476E-D61B-4557-9782-C4113D188A4E} = {F9B79B94-4D5F-42DB-9F3B-C7A1850EED1E}
		{07D4C37B-C541-4225-8EC5-ACF555B10CCE} = {F9B79B94-4D5F-42DB-9F3B-C7A1850EED1E}
		{9265581C-49AE-47FB-A223-93B41C7E4FEB} = {F9B79B94-4D5F-42DB-9F3B-C7A1850EED1E}
		{42CE7E4C-9552-4F74-9DF0-393616E74C6D} = {F9B79B94-4D5F-42DB-9F3B-C7A1850EED1E}
		{753997CC-104F-4FE6-BDF2-3211C8D7DC56} = {1999012B-84D9-410C-AAE9-B469A3C2287A}
		{CAD555A5-952B-4A3D-BD3A-CA5EF81DD2DF} = {31B59B0F-925A-48F3-9845-D0990E6B346E}
		{E386A367-A2D2-410B-8896-C88E96995D5A} = {31B59B0F-925A-48F3-9845-D0990E6B346E}
		{C220CDC6-0502-4485-B252-5F39D81B5596} = {31B59B0F-925A-48F3-9845-D0990E6B346E}
	EndGlobalSection
EndGlobal
