
Microsoft Visual Studio Solution File, Format Version 12.00
Project("{FAE04EC0-301F-11D3-BF4B-00C04F79EFBC}") = "WremiaTrade.API", "WremiaTrade.API\WremiaTrade.API.csproj", "{88421576-48ED-47D5-A354-612D18A27F22}"
EndProject
Project("{FAE04EC0-301F-11D3-BF4B-00C04F79EFBC}") = "WremiaTrade.Services", "WremiaTrade.Services\WremiaTrade.Services.csproj", "{881D04EE-8C4E-48AA-8827-718646144280}"
EndProject
Project("{2150E333-8FDC-42A3-9474-1A3956D46DE8}") = "src", "src", "{8A3AD52E-E65C-49D6-A026-ECE993016B71}"
EndProject
Project("{2150E333-8FDC-42A3-9474-1A3956D46DE8}") = "Application", "Application", "{31B59B0F-925A-48F3-9845-D0990E6B346E}"
EndProject
Project("{2150E333-8FDC-42A3-9474-1A3956D46DE8}") = "Domain", "Domain", "{7BF23F5D-081C-4B89-B89E-ED9B61F24810}"
EndProject
Project("{2150E333-8FDC-42A3-9474-1A3956D46DE8}") = "Infrastructure", "Infrastructure", "{F9B79B94-4D5F-42DB-9F3B-C7A1850EED1E}"
EndProject
Project("{2150E333-8FDC-42A3-9474-1A3956D46DE8}") = "Persistince", "Persistince", "{49E50B27-F4DA-4F6E-B177-5A06C40639A8}"
EndProject
Project("{2150E333-8FDC-42A3-9474-1A3956D46DE8}") = "Presentation", "Presentation", "{1999012B-84D9-410C-AAE9-B469A3C2287A}"
EndProject
Project("{FAE04EC0-301F-11D3-BF4B-00C04F79EFBC}") = "WremiaTrade.Common", "WremiaTrade.Common\WremiaTrade.Common.csproj", "{B4AC5860-7495-4C3C-A99A-E1139CE5698E}"
EndProject
Project("{FAE04EC0-301F-11D3-BF4B-00C04F79EFBC}") = "WremiaTrade.Utilities", "WremiaTrade.Utilities\WremiaTrade.Utilities.csproj", "{F09DA6F4-5D8E-4DCB-A9E9-FC92C558E3E1}"
EndProject
Project("{FAE04EC0-301F-11D3-BF4B-00C04F79EFBC}") = "WremiaTrade.Models", "WremiaTrade.Models\WremiaTrade.Models.csproj", "{66F3DE8E-317D-47EF-8E6B-8CD8E9931AEE}"
EndProject
Project("{FAE04EC0-301F-11D3-BF4B-00C04F79EFBC}") = "WremiaTrade.NoSql.MongoDB", "WremiaTrade.NoSql.MongoDB\WremiaTrade.NoSql.MongoDB.csproj", "{3B32AC6B-6198-428E-911B-522AF07AE6BA}"
EndProject
Global
	GlobalSection(SolutionConfigurationPlatforms) = preSolution
		Debug|Any CPU = Debug|Any CPU
		Release|Any CPU = Release|Any CPU
	EndGlobalSection
	GlobalSection(ProjectConfigurationPlatforms) = postSolution
		{88421576-48ED-47D5-A354-612D18A27F22}.Debug|Any CPU.ActiveCfg = Debug|Any CPU
		{88421576-48ED-47D5-A354-612D18A27F22}.Debug|Any CPU.Build.0 = Debug|Any CPU
		{88421576-48ED-47D5-A354-612D18A27F22}.Release|Any CPU.ActiveCfg = Release|Any CPU
		{88421576-48ED-47D5-A354-612D18A27F22}.Release|Any CPU.Build.0 = Release|Any CPU
		{881D04EE-8C4E-48AA-8827-718646144280}.Debug|Any CPU.ActiveCfg = Debug|Any CPU
		{881D04EE-8C4E-48AA-8827-718646144280}.Debug|Any CPU.Build.0 = Debug|Any CPU
		{881D04EE-8C4E-48AA-8827-718646144280}.Release|Any CPU.ActiveCfg = Release|Any CPU
		{881D04EE-8C4E-48AA-8827-718646144280}.Release|Any CPU.Build.0 = Release|Any CPU
		{B4AC5860-7495-4C3C-A99A-E1139CE5698E}.Debug|Any CPU.ActiveCfg = Debug|Any CPU
		{B4AC5860-7495-4C3C-A99A-E1139CE5698E}.Debug|Any CPU.Build.0 = Debug|Any CPU
		{B4AC5860-7495-4C3C-A99A-E1139CE5698E}.Release|Any CPU.ActiveCfg = Release|Any CPU
		{B4AC5860-7495-4C3C-A99A-E1139CE5698E}.Release|Any CPU.Build.0 = Release|Any CPU
		{F09DA6F4-5D8E-4DCB-A9E9-FC92C558E3E1}.Debug|Any CPU.ActiveCfg = Debug|Any CPU
		{F09DA6F4-5D8E-4DCB-A9E9-FC92C558E3E1}.Debug|Any CPU.Build.0 = Debug|Any CPU
		{F09DA6F4-5D8E-4DCB-A9E9-FC92C558E3E1}.Release|Any CPU.ActiveCfg = Release|Any CPU
		{F09DA6F4-5D8E-4DCB-A9E9-FC92C558E3E1}.Release|Any CPU.Build.0 = Release|Any CPU
		{66F3DE8E-317D-47EF-8E6B-8CD8E9931AEE}.Debug|Any CPU.ActiveCfg = Debug|Any CPU
		{66F3DE8E-317D-47EF-8E6B-8CD8E9931AEE}.Debug|Any CPU.Build.0 = Debug|Any CPU
		{66F3DE8E-317D-47EF-8E6B-8CD8E9931AEE}.Release|Any CPU.ActiveCfg = Release|Any CPU
		{66F3DE8E-317D-47EF-8E6B-8CD8E9931AEE}.Release|Any CPU.Build.0 = Release|Any CPU
		{3B32AC6B-6198-428E-911B-522AF07AE6BA}.Debug|Any CPU.ActiveCfg = Debug|Any CPU
		{3B32AC6B-6198-428E-911B-522AF07AE6BA}.Debug|Any CPU.Build.0 = Debug|Any CPU
		{3B32AC6B-6198-428E-911B-522AF07AE6BA}.Release|Any CPU.ActiveCfg = Release|Any CPU
		{3B32AC6B-6198-428E-911B-522AF07AE6BA}.Release|Any CPU.Build.0 = Release|Any CPU
	EndGlobalSection
	GlobalSection(NestedProjects) = preSolution
		{31B59B0F-925A-48F3-9845-D0990E6B346E} = {8A3AD52E-E65C-49D6-A026-ECE993016B71}
		{7BF23F5D-081C-4B89-B89E-ED9B61F24810} = {8A3AD52E-E65C-49D6-A026-ECE993016B71}
		{F9B79B94-4D5F-42DB-9F3B-C7A1850EED1E} = {8A3AD52E-E65C-49D6-A026-ECE993016B71}
		{49E50B27-F4DA-4F6E-B177-5A06C40639A8} = {8A3AD52E-E65C-49D6-A026-ECE993016B71}
		{1999012B-84D9-410C-AAE9-B469A3C2287A} = {8A3AD52E-E65C-49D6-A026-ECE993016B71}
		{88421576-48ED-47D5-A354-612D18A27F22} = {1999012B-84D9-410C-AAE9-B469A3C2287A}
		{881D04EE-8C4E-48AA-8827-718646144280} = {31B59B0F-925A-48F3-9845-D0990E6B346E}
		{B4AC5860-7495-4C3C-A99A-E1139CE5698E} = {31B59B0F-925A-48F3-9845-D0990E6B346E}
		{F09DA6F4-5D8E-4DCB-A9E9-FC92C558E3E1} = {31B59B0F-925A-48F3-9845-D0990E6B346E}
		{66F3DE8E-317D-47EF-8E6B-8CD8E9931AEE} = {7BF23F5D-081C-4B89-B89E-ED9B61F24810}
		{3B32AC6B-6198-428E-911B-522AF07AE6BA} = {49E50B27-F4DA-4F6E-B177-5A06C40639A8}
	EndGlobalSection
EndGlobal
